// !$*UTF8*$!
{
	archiveVersion = 1;
	classes = {
	};
	objectVersion = 51;
	objects = {

/* Begin PBXBuildFile section */
		443A9F6FC281E055FC52C97D /* Pods_Vitality.framework in Frameworks */ = {isa = PBXBuildFile; fileRef = 2B86966F1B42E8D64AB65A55 /* Pods_Vitality.framework */; };
		B1185AFD24A8966600D7EFC8 /* MedicationController.swift in Sources */ = {isa = PBXBuildFile; fileRef = B1185AFA24A8966600D7EFC8 /* MedicationController.swift */; };
		B1185AFE24A8966600D7EFC8 /* EditMedicationViewController.swift in Sources */ = {isa = PBXBuildFile; fileRef = B1185AFB24A8966600D7EFC8 /* EditMedicationViewController.swift */; };
		B1185AFF24A8966600D7EFC8 /* MedicationModel.swift in Sources */ = {isa = PBXBuildFile; fileRef = B1185AFC24A8966600D7EFC8 /* MedicationModel.swift */; };
		B1185B0424A8969500D7EFC8 /* MedicationCollectionViewCell.swift in Sources */ = {isa = PBXBuildFile; fileRef = B1185B0024A8969500D7EFC8 /* MedicationCollectionViewCell.swift */; };
		B1185B0524A8969500D7EFC8 /* MedicationDetailViewController.swift in Sources */ = {isa = PBXBuildFile; fileRef = B1185B0124A8969500D7EFC8 /* MedicationDetailViewController.swift */; };
		B1185B0624A8969500D7EFC8 /* AddMedicationViewController.swift in Sources */ = {isa = PBXBuildFile; fileRef = B1185B0224A8969500D7EFC8 /* AddMedicationViewController.swift */; };
		B1185B0724A8969500D7EFC8 /* MedicationCollectionViewController.swift in Sources */ = {isa = PBXBuildFile; fileRef = B1185B0324A8969500D7EFC8 /* MedicationCollectionViewController.swift */; };
		E16AD4E2249C8F2700BEF638 /* AppDelegate.swift in Sources */ = {isa = PBXBuildFile; fileRef = E16AD4E1249C8F2700BEF638 /* AppDelegate.swift */; };
		E16AD4E4249C8F2700BEF638 /* LoginController.swift in Sources */ = {isa = PBXBuildFile; fileRef = E16AD4E3249C8F2700BEF638 /* LoginController.swift */; };
		E16AD4E7249C8F2700BEF638 /* Main.storyboard in Resources */ = {isa = PBXBuildFile; fileRef = E16AD4E5249C8F2700BEF638 /* Main.storyboard */; };
		E16AD4EA249C8F2700BEF638 /* Vitality.xcdatamodeld in Sources */ = {isa = PBXBuildFile; fileRef = E16AD4E8249C8F2700BEF638 /* Vitality.xcdatamodeld */; };
		E16AD4EC249C8F3100BEF638 /* Assets.xcassets in Resources */ = {isa = PBXBuildFile; fileRef = E16AD4EB249C8F3100BEF638 /* Assets.xcassets */; };
		E16AD4EF249C8F3100BEF638 /* LaunchScreen.storyboard in Resources */ = {isa = PBXBuildFile; fileRef = E16AD4ED249C8F3100BEF638 /* LaunchScreen.storyboard */; };
		E1CE634D249D1C5000DB918D /* HealthKit.framework in Frameworks */ = {isa = PBXBuildFile; fileRef = E1CE634C249D1C5000DB918D /* HealthKit.framework */; };
		E1CE634F249D1CB000DB918D /* MapKit.framework in Frameworks */ = {isa = PBXBuildFile; fileRef = E1CE634E249D1CB000DB918D /* MapKit.framework */; };
		E1F6C22224A19BF400CC4E8A /* LibraryCollectionViewController.swift in Sources */ = {isa = PBXBuildFile; fileRef = E1F6C22124A19BF400CC4E8A /* LibraryCollectionViewController.swift */; };
		E1F6C22424A1A3F200CC4E8A /* CardCollectionViewCell.swift in Sources */ = {isa = PBXBuildFile; fileRef = E1F6C22324A1A3F200CC4E8A /* CardCollectionViewCell.swift */; };
/* End PBXBuildFile section */

/* Begin PBXFileReference section */
		2B86966F1B42E8D64AB65A55 /* Pods_Vitality.framework */ = {isa = PBXFileReference; explicitFileType = wrapper.framework; includeInIndex = 0; path = Pods_Vitality.framework; sourceTree = BUILT_PRODUCTS_DIR; };
		90A9477AF26381CB5ED90745 /* Pods-Vitality.debug.xcconfig */ = {isa = PBXFileReference; includeInIndex = 1; lastKnownFileType = text.xcconfig; name = "Pods-Vitality.debug.xcconfig"; path = "Target Support Files/Pods-Vitality/Pods-Vitality.debug.xcconfig"; sourceTree = "<group>"; };
		B1185AE024A8938B00D7EFC8 /* MealTableViewController.swift */ = {isa = PBXFileReference; lastKnownFileType = sourcecode.swift; name = MealTableViewController.swift; path = "../../../Mobile/food-tracker-app-master/food-tracker-app/MealTableViewController.swift"; sourceTree = "<group>"; };
		B1185AE124A8938B00D7EFC8 /* MealViewController.swift */ = {isa = PBXFileReference; lastKnownFileType = sourcecode.swift; name = MealViewController.swift; path = "../../../Mobile/food-tracker-app-master/food-tracker-app/MealViewController.swift"; sourceTree = "<group>"; };
		B1185AE224A8938B00D7EFC8 /* Meal.swift */ = {isa = PBXFileReference; lastKnownFileType = sourcecode.swift; name = Meal.swift; path = "../../../Mobile/food-tracker-app-master/food-tracker-app/Meal.swift"; sourceTree = "<group>"; };
		B1185AE324A8938B00D7EFC8 /* MealTableViewCell.swift */ = {isa = PBXFileReference; lastKnownFileType = sourcecode.swift; name = MealTableViewCell.swift; path = "../../../Mobile/food-tracker-app-master/food-tracker-app/MealTableViewCell.swift"; sourceTree = "<group>"; };
		B1185AFA24A8966600D7EFC8 /* MedicationController.swift */ = {isa = PBXFileReference; fileEncoding = 4; lastKnownFileType = sourcecode.swift; path = MedicationController.swift; sourceTree = "<group>"; };
		B1185AFB24A8966600D7EFC8 /* EditMedicationViewController.swift */ = {isa = PBXFileReference; fileEncoding = 4; lastKnownFileType = sourcecode.swift; path = EditMedicationViewController.swift; sourceTree = "<group>"; };
		B1185AFC24A8966600D7EFC8 /* MedicationModel.swift */ = {isa = PBXFileReference; fileEncoding = 4; lastKnownFileType = sourcecode.swift; path = MedicationModel.swift; sourceTree = "<group>"; };
		B1185B0024A8969500D7EFC8 /* MedicationCollectionViewCell.swift */ = {isa = PBXFileReference; fileEncoding = 4; lastKnownFileType = sourcecode.swift; path = MedicationCollectionViewCell.swift; sourceTree = "<group>"; };
		B1185B0124A8969500D7EFC8 /* MedicationDetailViewController.swift */ = {isa = PBXFileReference; fileEncoding = 4; lastKnownFileType = sourcecode.swift; path = MedicationDetailViewController.swift; sourceTree = "<group>"; };
		B1185B0224A8969500D7EFC8 /* AddMedicationViewController.swift */ = {isa = PBXFileReference; fileEncoding = 4; lastKnownFileType = sourcecode.swift; path = AddMedicationViewController.swift; sourceTree = "<group>"; };
		B1185B0324A8969500D7EFC8 /* MedicationCollectionViewController.swift */ = {isa = PBXFileReference; fileEncoding = 4; lastKnownFileType = sourcecode.swift; path = MedicationCollectionViewController.swift; sourceTree = "<group>"; };
		E150A0BDE89F6F48FAB2BEF6 /* Pods-Vitality.release.xcconfig */ = {isa = PBXFileReference; includeInIndex = 1; lastKnownFileType = text.xcconfig; name = "Pods-Vitality.release.xcconfig"; path = "Target Support Files/Pods-Vitality/Pods-Vitality.release.xcconfig"; sourceTree = "<group>"; };
		E16AD4DE249C8F2700BEF638 /* Vitality.app */ = {isa = PBXFileReference; explicitFileType = wrapper.application; includeInIndex = 0; path = Vitality.app; sourceTree = BUILT_PRODUCTS_DIR; };
		E16AD4E1249C8F2700BEF638 /* AppDelegate.swift */ = {isa = PBXFileReference; lastKnownFileType = sourcecode.swift; path = AppDelegate.swift; sourceTree = "<group>"; };
		E16AD4E3249C8F2700BEF638 /* LoginController.swift */ = {isa = PBXFileReference; lastKnownFileType = sourcecode.swift; path = LoginController.swift; sourceTree = "<group>"; };
		E16AD4E6249C8F2700BEF638 /* Base */ = {isa = PBXFileReference; lastKnownFileType = file.storyboard; name = Base; path = Base.lproj/Main.storyboard; sourceTree = "<group>"; };
		E16AD4E9249C8F2700BEF638 /* Vitality.xcdatamodel */ = {isa = PBXFileReference; lastKnownFileType = wrapper.xcdatamodel; path = Vitality.xcdatamodel; sourceTree = "<group>"; };
		E16AD4EB249C8F3100BEF638 /* Assets.xcassets */ = {isa = PBXFileReference; lastKnownFileType = folder.assetcatalog; path = Assets.xcassets; sourceTree = "<group>"; };
		E16AD4EE249C8F3100BEF638 /* Base */ = {isa = PBXFileReference; lastKnownFileType = file.storyboard; name = Base; path = Base.lproj/LaunchScreen.storyboard; sourceTree = "<group>"; };
		E16AD4F0249C8F3100BEF638 /* Info.plist */ = {isa = PBXFileReference; lastKnownFileType = text.plist.xml; path = Info.plist; sourceTree = "<group>"; };
		E1CE634A249D1C5000DB918D /* Vitality.entitlements */ = {isa = PBXFileReference; lastKnownFileType = text.plist.entitlements; path = Vitality.entitlements; sourceTree = "<group>"; };
		E1CE634C249D1C5000DB918D /* HealthKit.framework */ = {isa = PBXFileReference; lastKnownFileType = wrapper.framework; name = HealthKit.framework; path = System/Library/Frameworks/HealthKit.framework; sourceTree = SDKROOT; };
		E1CE634E249D1CB000DB918D /* MapKit.framework */ = {isa = PBXFileReference; lastKnownFileType = wrapper.framework; name = MapKit.framework; path = System/Library/Frameworks/MapKit.framework; sourceTree = SDKROOT; };
		E1F6C22124A19BF400CC4E8A /* LibraryCollectionViewController.swift */ = {isa = PBXFileReference; lastKnownFileType = sourcecode.swift; path = LibraryCollectionViewController.swift; sourceTree = "<group>"; };
		E1F6C22324A1A3F200CC4E8A /* CardCollectionViewCell.swift */ = {isa = PBXFileReference; lastKnownFileType = sourcecode.swift; path = CardCollectionViewCell.swift; sourceTree = "<group>"; };
/* End PBXFileReference section */

/* Begin PBXFrameworksBuildPhase section */
		E16AD4DB249C8F2700BEF638 /* Frameworks */ = {
			isa = PBXFrameworksBuildPhase;
			buildActionMask = 2147483647;
			files = (
				E1CE634F249D1CB000DB918D /* MapKit.framework in Frameworks */,
				E1CE634D249D1C5000DB918D /* HealthKit.framework in Frameworks */,
				443A9F6FC281E055FC52C97D /* Pods_Vitality.framework in Frameworks */,
			);
			runOnlyForDeploymentPostprocessing = 0;
		};
/* End PBXFrameworksBuildPhase section */

/* Begin PBXGroup section */
		B1185AD824A8928F00D7EFC8 /* Medication_Tracker */ = {
			isa = PBXGroup;
			children = (
				B1185AFB24A8966600D7EFC8 /* EditMedicationViewController.swift */,
				B1185AFA24A8966600D7EFC8 /* MedicationController.swift */,
				B1185AFC24A8966600D7EFC8 /* MedicationModel.swift */,
				B1185AE724A893C100D7EFC8 /* ViewControllers */,
			);
			path = Medication_Tracker;
			sourceTree = "<group>";
		};
		B1185ADF24A8932300D7EFC8 /* Food_Tracker */ = {
			isa = PBXGroup;
			children = (
				B1185AE224A8938B00D7EFC8 /* Meal.swift */,
				B1185AE324A8938B00D7EFC8 /* MealTableViewCell.swift */,
				B1185AE024A8938B00D7EFC8 /* MealTableViewController.swift */,
				B1185AE124A8938B00D7EFC8 /* MealViewController.swift */,
			);
			path = Food_Tracker;
			sourceTree = "<group>";
		};
		B1185AE724A893C100D7EFC8 /* ViewControllers */ = {
			isa = PBXGroup;
			children = (
				B1185B0224A8969500D7EFC8 /* AddMedicationViewController.swift */,
				B1185B0024A8969500D7EFC8 /* MedicationCollectionViewCell.swift */,
				B1185B0324A8969500D7EFC8 /* MedicationCollectionViewController.swift */,
				B1185B0124A8969500D7EFC8 /* MedicationDetailViewController.swift */,
			);
			path = ViewControllers;
			sourceTree = "<group>";
		};
		D5DD9215C64A2B2874C344F1 /* Pods */ = {
			isa = PBXGroup;
			children = (
				90A9477AF26381CB5ED90745 /* Pods-Vitality.debug.xcconfig */,
				E150A0BDE89F6F48FAB2BEF6 /* Pods-Vitality.release.xcconfig */,
			);
			path = Pods;
			sourceTree = "<group>";
		};
		E16AD4D5249C8F2700BEF638 = {
			isa = PBXGroup;
			children = (
				E16AD4E0249C8F2700BEF638 /* Vitality */,
				E16AD4DF249C8F2700BEF638 /* Products */,
				E1CE634B249D1C5000DB918D /* Frameworks */,
				D5DD9215C64A2B2874C344F1 /* Pods */,
			);
			sourceTree = "<group>";
		};
		E16AD4DF249C8F2700BEF638 /* Products */ = {
			isa = PBXGroup;
			children = (
				E16AD4DE249C8F2700BEF638 /* Vitality.app */,
			);
			name = Products;
			sourceTree = "<group>";
		};
		E16AD4E0249C8F2700BEF638 /* Vitality */ = {
			isa = PBXGroup;
			children = (
				B1185ADF24A8932300D7EFC8 /* Food_Tracker */,
				B1185AD824A8928F00D7EFC8 /* Medication_Tracker */,
				E1F6C22024A182A500CC4E8A /* Controllers */,
				E18CAC9524A1032F00B157BD /* Storyboards */,
				E1CE634A249D1C5000DB918D /* Vitality.entitlements */,
				E16AD4E1249C8F2700BEF638 /* AppDelegate.swift */,
				E16AD4EB249C8F3100BEF638 /* Assets.xcassets */,
				E16AD4F0249C8F3100BEF638 /* Info.plist */,
				E16AD4E8249C8F2700BEF638 /* Vitality.xcdatamodeld */,
			);
			path = Vitality;
			sourceTree = "<group>";
		};
		E18CAC9524A1032F00B157BD /* Storyboards */ = {
			isa = PBXGroup;
			children = (
				E16AD4E5249C8F2700BEF638 /* Main.storyboard */,
				E16AD4ED249C8F3100BEF638 /* LaunchScreen.storyboard */,
			);
			name = Storyboards;
			sourceTree = "<group>";
		};
		E1CE634B249D1C5000DB918D /* Frameworks */ = {
			isa = PBXGroup;
			children = (
				E1CE634E249D1CB000DB918D /* MapKit.framework */,
				E1CE634C249D1C5000DB918D /* HealthKit.framework */,
				2B86966F1B42E8D64AB65A55 /* Pods_Vitality.framework */,
			);
			name = Frameworks;
			sourceTree = "<group>";
		};
		E1F6C22024A182A500CC4E8A /* Controllers */ = {
			isa = PBXGroup;
			children = (
				E16AD4E3249C8F2700BEF638 /* LoginController.swift */,
				E1F6C22124A19BF400CC4E8A /* LibraryCollectionViewController.swift */,
				E1F6C22324A1A3F200CC4E8A /* CardCollectionViewCell.swift */,
			);
			path = Controllers;
			sourceTree = "<group>";
		};
/* End PBXGroup section */

/* Begin PBXNativeTarget section */
		E16AD4DD249C8F2700BEF638 /* Vitality */ = {
			isa = PBXNativeTarget;
			buildConfigurationList = E16AD4F3249C8F3100BEF638 /* Build configuration list for PBXNativeTarget "Vitality" */;
			buildPhases = (
				2EA5E0CB77A4DEC506B96309 /* [CP] Check Pods Manifest.lock */,
				E16AD4DA249C8F2700BEF638 /* Sources */,
				E16AD4DB249C8F2700BEF638 /* Frameworks */,
				E16AD4DC249C8F2700BEF638 /* Resources */,
				38C83105033223DF91746E12 /* [CP] Embed Pods Frameworks */,
			);
			buildRules = (
			);
			dependencies = (
			);
			name = Vitality;
			productName = Vitality;
			productReference = E16AD4DE249C8F2700BEF638 /* Vitality.app */;
			productType = "com.apple.product-type.application";
		};
/* End PBXNativeTarget section */

/* Begin PBXProject section */
		E16AD4D6249C8F2700BEF638 /* Project object */ = {
			isa = PBXProject;
			attributes = {
				LastSwiftUpdateCheck = 1030;
				LastUpgradeCheck = 1030;
				ORGANIZATIONNAME = "Mario & Simran";
				TargetAttributes = {
					E16AD4DD249C8F2700BEF638 = {
						CreatedOnToolsVersion = 10.3;
					};
				};
			};
			buildConfigurationList = E16AD4D9249C8F2700BEF638 /* Build configuration list for PBXProject "Vitality" */;
			compatibilityVersion = "Xcode 9.3";
			developmentRegion = en;
			hasScannedForEncodings = 0;
			knownRegions = (
				en,
				Base,
			);
			mainGroup = E16AD4D5249C8F2700BEF638;
			productRefGroup = E16AD4DF249C8F2700BEF638 /* Products */;
			projectDirPath = "";
			projectRoot = "";
			targets = (
				E16AD4DD249C8F2700BEF638 /* Vitality */,
			);
		};
/* End PBXProject section */

/* Begin PBXResourcesBuildPhase section */
		E16AD4DC249C8F2700BEF638 /* Resources */ = {
			isa = PBXResourcesBuildPhase;
			buildActionMask = 2147483647;
			files = (
				E16AD4EF249C8F3100BEF638 /* LaunchScreen.storyboard in Resources */,
				E16AD4EC249C8F3100BEF638 /* Assets.xcassets in Resources */,
				E16AD4E7249C8F2700BEF638 /* Main.storyboard in Resources */,
			);
			runOnlyForDeploymentPostprocessing = 0;
		};
/* End PBXResourcesBuildPhase section */

/* Begin PBXShellScriptBuildPhase section */
		2EA5E0CB77A4DEC506B96309 /* [CP] Check Pods Manifest.lock */ = {
			isa = PBXShellScriptBuildPhase;
			buildActionMask = 2147483647;
			files = (
			);
			inputFileListPaths = (
			);
			inputPaths = (
				"${PODS_PODFILE_DIR_PATH}/Podfile.lock",
				"${PODS_ROOT}/Manifest.lock",
			);
			name = "[CP] Check Pods Manifest.lock";
			outputFileListPaths = (
			);
			outputPaths = (
				"$(DERIVED_FILE_DIR)/Pods-Vitality-checkManifestLockResult.txt",
			);
			runOnlyForDeploymentPostprocessing = 0;
			shellPath = /bin/sh;
			shellScript = "diff \"${PODS_PODFILE_DIR_PATH}/Podfile.lock\" \"${PODS_ROOT}/Manifest.lock\" > /dev/null\nif [ $? != 0 ] ; then\n    # print error to STDERR\n    echo \"error: The sandbox is not in sync with the Podfile.lock. Run 'pod install' or update your CocoaPods installation.\" >&2\n    exit 1\nfi\n# This output is used by Xcode 'outputs' to avoid re-running this script phase.\necho \"SUCCESS\" > \"${SCRIPT_OUTPUT_FILE_0}\"\n";
			showEnvVarsInLog = 0;
		};
		38C83105033223DF91746E12 /* [CP] Embed Pods Frameworks */ = {
			isa = PBXShellScriptBuildPhase;
			buildActionMask = 2147483647;
			files = (
			);
			inputFileListPaths = (
				"${PODS_ROOT}/Target Support Files/Pods-Vitality/Pods-Vitality-frameworks-${CONFIGURATION}-input-files.xcfilelist",
			);
			name = "[CP] Embed Pods Frameworks";
			outputFileListPaths = (
				"${PODS_ROOT}/Target Support Files/Pods-Vitality/Pods-Vitality-frameworks-${CONFIGURATION}-output-files.xcfilelist",
			);
			runOnlyForDeploymentPostprocessing = 0;
			shellPath = /bin/sh;
			shellScript = "\"${PODS_ROOT}/Target Support Files/Pods-Vitality/Pods-Vitality-frameworks.sh\"\n";
			showEnvVarsInLog = 0;
		};
/* End PBXShellScriptBuildPhase section */

/* Begin PBXSourcesBuildPhase section */
		E16AD4DA249C8F2700BEF638 /* Sources */ = {
			isa = PBXSourcesBuildPhase;
			buildActionMask = 2147483647;
			files = (
				B1185B0524A8969500D7EFC8 /* MedicationDetailViewController.swift in Sources */,
				B1185B0624A8969500D7EFC8 /* AddMedicationViewController.swift in Sources */,
				E1F6C22224A19BF400CC4E8A /* LibraryCollectionViewController.swift in Sources */,
				B1185B0724A8969500D7EFC8 /* MedicationCollectionViewController.swift in Sources */,
				E16AD4E4249C8F2700BEF638 /* LoginController.swift in Sources */,
				B1185AFD24A8966600D7EFC8 /* MedicationController.swift in Sources */,
				E16AD4E2249C8F2700BEF638 /* AppDelegate.swift in Sources */,
				B1185B0424A8969500D7EFC8 /* MedicationCollectionViewCell.swift in Sources */,
				B1185AFE24A8966600D7EFC8 /* EditMedicationViewController.swift in Sources */,
				E1F6C22424A1A3F200CC4E8A /* CardCollectionViewCell.swift in Sources */,
				B1185AFF24A8966600D7EFC8 /* MedicationModel.swift in Sources */,
				E16AD4EA249C8F2700BEF638 /* Vitality.xcdatamodeld in Sources */,
			);
			runOnlyForDeploymentPostprocessing = 0;
		};
/* End PBXSourcesBuildPhase section */

/* Begin PBXVariantGroup section */
		E16AD4E5249C8F2700BEF638 /* Main.storyboard */ = {
			isa = PBXVariantGroup;
			children = (
				E16AD4E6249C8F2700BEF638 /* Base */,
			);
			name = Main.storyboard;
			sourceTree = "<group>";
		};
		E16AD4ED249C8F3100BEF638 /* LaunchScreen.storyboard */ = {
			isa = PBXVariantGroup;
			children = (
				E16AD4EE249C8F3100BEF638 /* Base */,
			);
			name = LaunchScreen.storyboard;
			sourceTree = "<group>";
		};
/* End PBXVariantGroup section */

/* Begin XCBuildConfiguration section */
		E16AD4F1249C8F3100BEF638 /* Debug */ = {
			isa = XCBuildConfiguration;
			buildSettings = {
				ALWAYS_SEARCH_USER_PATHS = NO;
				CLANG_ANALYZER_NONNULL = YES;
				CLANG_ANALYZER_NUMBER_OBJECT_CONVERSION = YES_AGGRESSIVE;
				CLANG_CXX_LANGUAGE_STANDARD = "gnu++14";
				CLANG_CXX_LIBRARY = "libc++";
				CLANG_ENABLE_MODULES = YES;
				CLANG_ENABLE_OBJC_ARC = YES;
				CLANG_ENABLE_OBJC_WEAK = YES;
				CLANG_WARN_BLOCK_CAPTURE_AUTORELEASING = YES;
				CLANG_WARN_BOOL_CONVERSION = YES;
				CLANG_WARN_COMMA = YES;
				CLANG_WARN_CONSTANT_CONVERSION = YES;
				CLANG_WARN_DEPRECATED_OBJC_IMPLEMENTATIONS = YES;
				CLANG_WARN_DIRECT_OBJC_ISA_USAGE = YES_ERROR;
				CLANG_WARN_DOCUMENTATION_COMMENTS = YES;
				CLANG_WARN_EMPTY_BODY = YES;
				CLANG_WARN_ENUM_CONVERSION = YES;
				CLANG_WARN_INFINITE_RECURSION = YES;
				CLANG_WARN_INT_CONVERSION = YES;
				CLANG_WARN_NON_LITERAL_NULL_CONVERSION = YES;
				CLANG_WARN_OBJC_IMPLICIT_RETAIN_SELF = YES;
				CLANG_WARN_OBJC_LITERAL_CONVERSION = YES;
				CLANG_WARN_OBJC_ROOT_CLASS = YES_ERROR;
				CLANG_WARN_RANGE_LOOP_ANALYSIS = YES;
				CLANG_WARN_STRICT_PROTOTYPES = YES;
				CLANG_WARN_SUSPICIOUS_MOVE = YES;
				CLANG_WARN_UNGUARDED_AVAILABILITY = YES_AGGRESSIVE;
				CLANG_WARN_UNREACHABLE_CODE = YES;
				CLANG_WARN__DUPLICATE_METHOD_MATCH = YES;
				CODE_SIGN_IDENTITY = "iPhone Developer";
				COPY_PHASE_STRIP = NO;
				DEBUG_INFORMATION_FORMAT = dwarf;
				ENABLE_STRICT_OBJC_MSGSEND = YES;
				ENABLE_TESTABILITY = YES;
				GCC_C_LANGUAGE_STANDARD = gnu11;
				GCC_DYNAMIC_NO_PIC = NO;
				GCC_NO_COMMON_BLOCKS = YES;
				GCC_OPTIMIZATION_LEVEL = 0;
				GCC_PREPROCESSOR_DEFINITIONS = (
					"DEBUG=1",
					"$(inherited)",
				);
				GCC_WARN_64_TO_32_BIT_CONVERSION = YES;
				GCC_WARN_ABOUT_RETURN_TYPE = YES_ERROR;
				GCC_WARN_UNDECLARED_SELECTOR = YES;
				GCC_WARN_UNINITIALIZED_AUTOS = YES_AGGRESSIVE;
				GCC_WARN_UNUSED_FUNCTION = YES;
				GCC_WARN_UNUSED_VARIABLE = YES;
				IPHONEOS_DEPLOYMENT_TARGET = 13.0;
				MTL_ENABLE_DEBUG_INFO = INCLUDE_SOURCE;
				MTL_FAST_MATH = YES;
				ONLY_ACTIVE_ARCH = YES;
				SDKROOT = iphoneos;
				SWIFT_ACTIVE_COMPILATION_CONDITIONS = DEBUG;
				SWIFT_OPTIMIZATION_LEVEL = "-Onone";
			};
			name = Debug;
		};
		E16AD4F2249C8F3100BEF638 /* Release */ = {
			isa = XCBuildConfiguration;
			buildSettings = {
				ALWAYS_SEARCH_USER_PATHS = NO;
				CLANG_ANALYZER_NONNULL = YES;
				CLANG_ANALYZER_NUMBER_OBJECT_CONVERSION = YES_AGGRESSIVE;
				CLANG_CXX_LANGUAGE_STANDARD = "gnu++14";
				CLANG_CXX_LIBRARY = "libc++";
				CLANG_ENABLE_MODULES = YES;
				CLANG_ENABLE_OBJC_ARC = YES;
				CLANG_ENABLE_OBJC_WEAK = YES;
				CLANG_WARN_BLOCK_CAPTURE_AUTORELEASING = YES;
				CLANG_WARN_BOOL_CONVERSION = YES;
				CLANG_WARN_COMMA = YES;
				CLANG_WARN_CONSTANT_CONVERSION = YES;
				CLANG_WARN_DEPRECATED_OBJC_IMPLEMENTATIONS = YES;
				CLANG_WARN_DIRECT_OBJC_ISA_USAGE = YES_ERROR;
				CLANG_WARN_DOCUMENTATION_COMMENTS = YES;
				CLANG_WARN_EMPTY_BODY = YES;
				CLANG_WARN_ENUM_CONVERSION = YES;
				CLANG_WARN_INFINITE_RECURSION = YES;
				CLANG_WARN_INT_CONVERSION = YES;
				CLANG_WARN_NON_LITERAL_NULL_CONVERSION = YES;
				CLANG_WARN_OBJC_IMPLICIT_RETAIN_SELF = YES;
				CLANG_WARN_OBJC_LITERAL_CONVERSION = YES;
				CLANG_WARN_OBJC_ROOT_CLASS = YES_ERROR;
				CLANG_WARN_RANGE_LOOP_ANALYSIS = YES;
				CLANG_WARN_STRICT_PROTOTYPES = YES;
				CLANG_WARN_SUSPICIOUS_MOVE = YES;
				CLANG_WARN_UNGUARDED_AVAILABILITY = YES_AGGRESSIVE;
				CLANG_WARN_UNREACHABLE_CODE = YES;
				CLANG_WARN__DUPLICATE_METHOD_MATCH = YES;
				CODE_SIGN_IDENTITY = "iPhone Developer";
				COPY_PHASE_STRIP = NO;
				DEBUG_INFORMATION_FORMAT = "dwarf-with-dsym";
				ENABLE_NS_ASSERTIONS = NO;
				ENABLE_STRICT_OBJC_MSGSEND = YES;
				GCC_C_LANGUAGE_STANDARD = gnu11;
				GCC_NO_COMMON_BLOCKS = YES;
				GCC_WARN_64_TO_32_BIT_CONVERSION = YES;
				GCC_WARN_ABOUT_RETURN_TYPE = YES_ERROR;
				GCC_WARN_UNDECLARED_SELECTOR = YES;
				GCC_WARN_UNINITIALIZED_AUTOS = YES_AGGRESSIVE;
				GCC_WARN_UNUSED_FUNCTION = YES;
				GCC_WARN_UNUSED_VARIABLE = YES;
				IPHONEOS_DEPLOYMENT_TARGET = 13.0;
				MTL_ENABLE_DEBUG_INFO = NO;
				MTL_FAST_MATH = YES;
				SDKROOT = iphoneos;
				SWIFT_COMPILATION_MODE = wholemodule;
				SWIFT_OPTIMIZATION_LEVEL = "-O";
				VALIDATE_PRODUCT = YES;
			};
			name = Release;
		};
		E16AD4F4249C8F3100BEF638 /* Debug */ = {
			isa = XCBuildConfiguration;
			baseConfigurationReference = 90A9477AF26381CB5ED90745 /* Pods-Vitality.debug.xcconfig */;
			buildSettings = {
				ASSETCATALOG_COMPILER_APPICON_NAME = AppIcon;
				CODE_SIGN_ENTITLEMENTS = Vitality/Vitality.entitlements;
				CODE_SIGN_STYLE = Automatic;
				DEVELOPMENT_TEAM = S9L3H2UHAQ;
				INFOPLIST_FILE = Vitality/Info.plist;
				LD_RUNPATH_SEARCH_PATHS = (
					"$(inherited)",
					"@executable_path/Frameworks",
				);
				PRODUCT_BUNDLE_IDENTIFIER = MIT.Vitality;
				PRODUCT_NAME = "$(TARGET_NAME)";
				SWIFT_VERSION = 5.0;
				TARGETED_DEVICE_FAMILY = "1,2";
			};
			name = Debug;
		};
		E16AD4F5249C8F3100BEF638 /* Release */ = {
			isa = XCBuildConfiguration;
			baseConfigurationReference = E150A0BDE89F6F48FAB2BEF6 /* Pods-Vitality.release.xcconfig */;
			buildSettings = {
				ASSETCATALOG_COMPILER_APPICON_NAME = AppIcon;
				CODE_SIGN_ENTITLEMENTS = Vitality/Vitality.entitlements;
				CODE_SIGN_STYLE = Automatic;
				DEVELOPMENT_TEAM = S9L3H2UHAQ;
				INFOPLIST_FILE = Vitality/Info.plist;
				LD_RUNPATH_SEARCH_PATHS = (
					"$(inherited)",
					"@executable_path/Frameworks",
				);
				PRODUCT_BUNDLE_IDENTIFIER = MIT.Vitality;
				PRODUCT_NAME = "$(TARGET_NAME)";
				SWIFT_VERSION = 5.0;
				TARGETED_DEVICE_FAMILY = "1,2";
			};
			name = Release;
		};
/* End XCBuildConfiguration section */

/* Begin XCConfigurationList section */
		E16AD4D9249C8F2700BEF638 /* Build configuration list for PBXProject "Vitality" */ = {
			isa = XCConfigurationList;
			buildConfigurations = (
				E16AD4F1249C8F3100BEF638 /* Debug */,
				E16AD4F2249C8F3100BEF638 /* Release */,
			);
			defaultConfigurationIsVisible = 0;
			defaultConfigurationName = Release;
		};
		E16AD4F3249C8F3100BEF638 /* Build configuration list for PBXNativeTarget "Vitality" */ = {
			isa = XCConfigurationList;
			buildConfigurations = (
				E16AD4F4249C8F3100BEF638 /* Debug */,
				E16AD4F5249C8F3100BEF638 /* Release */,
			);
			defaultConfigurationIsVisible = 0;
			defaultConfigurationName = Release;
		};
/* End XCConfigurationList section */

/* Begin XCVersionGroup section */
		E16AD4E8249C8F2700BEF638 /* Vitality.xcdatamodeld */ = {
			isa = XCVersionGroup;
			children = (
				E16AD4E9249C8F2700BEF638 /* Vitality.xcdatamodel */,
			);
			currentVersion = E16AD4E9249C8F2700BEF638 /* Vitality.xcdatamodel */;
			path = Vitality.xcdatamodeld;
			sourceTree = "<group>";
			versionGroupType = wrapper.xcdatamodel;
		};
/* End XCVersionGroup section */
	};
	rootObject = E16AD4D6249C8F2700BEF638 /* Project object */;
}
